<?xml version="1.0" encoding="utf-8"?>
<Project ToolsVersion="4.0" xmlns="http://schemas.microsoft.com/developer/msbuild/2003">
  <ItemGroup>
    <Filter Include="Source Files">
      <UniqueIdentifier>{4FC737F1-C7A5-4376-A066-2A32D752A2FF}</UniqueIdentifier>
      <Extensions>cpp;cxx;c;def</Extensions>
    </Filter>
    <Filter Include="Header Files">
      <UniqueIdentifier>{93995380-89BD-4b04-88EB-625FBE52EBFB}</UniqueIdentifier>
      <Extensions>h</Extensions>
    </Filter>
    <Filter Include="Form Files">
      <UniqueIdentifier>{99349809-55BA-4b9d-BF79-8FDBB0286EB3}</UniqueIdentifier>
      <Extensions>ui</Extensions>
    </Filter>
    <Filter Include="Resource Files">
      <UniqueIdentifier>{D9D6E242-F8AF-46E4-B9FD-80ECBC20BA3E}</UniqueIdentifier>
      <Extensions>qrc;*</Extensions>
      <ParseFiles>false</ParseFiles>
    </Filter>
    <Filter Include="Generated Files">
      <UniqueIdentifier>{71ED8ED8-ACB9-4CE9-BBE1-E00B30144E11}</UniqueIdentifier>
      <Extensions>moc;h;cpp</Extensions>
      <SourceControlFiles>False</SourceControlFiles>
    </Filter>
    <Filter Include="Generated Files\Debug">
      <UniqueIdentifier>{0bc1872f-9f48-4bcf-9f9f-2b7c50b164bc}</UniqueIdentifier>
      <Extensions>cpp;moc</Extensions>
      <SourceControlFiles>False</SourceControlFiles>
    </Filter>
    <Filter Include="Generated Files\Release">
      <UniqueIdentifier>{2838416b-567a-44c2-b218-7bed34e736df}</UniqueIdentifier>
      <Extensions>cpp;moc</Extensions>
      <SourceControlFiles>False</SourceControlFiles>
    </Filter>
    <Filter Include="Documents">
      <UniqueIdentifier>{054157e3-7ab6-4826-a05c-7ee094a58a4f}</UniqueIdentifier>
    </Filter>
    <Filter Include="Header Files\Actor headers">
      <UniqueIdentifier>{609bffdd-ca14-4d16-8979-4e9a9eabd80f}</UniqueIdentifier>
    </Filter>
    <Filter Include="Header Files\Actor headers\Weapon headers">
      <UniqueIdentifier>{10e25399-55dd-43da-a812-fae1e09222e6}</UniqueIdentifier>
    </Filter>
    <Filter Include="Header Files\Actor headers\Enemy headers">
      <UniqueIdentifier>{e6b20fb9-5883-493b-8282-9d64b5751d2b}</UniqueIdentifier>
    </Filter>
    <Filter Include="Header Files\Graphics system headers">
      <UniqueIdentifier>{13dc5d88-056d-4cc7-81cd-b5afc280abfb}</UniqueIdentifier>
    </Filter>
    <Filter Include="Header Files\Menu system headers">
      <UniqueIdentifier>{68041ca8-86dc-4690-8c6e-ad676f30dd22}</UniqueIdentifier>
    </Filter>
    <Filter Include="Header Files\Sound system headers">
      <UniqueIdentifier>{e0f16e56-b337-4ca6-9d3d-c130d6bcd00d}</UniqueIdentifier>
    </Filter>
    <Filter Include="Source Files\Graphics system">
      <UniqueIdentifier>{55a236c2-35cb-44ff-8e41-01c69401b644}</UniqueIdentifier>
    </Filter>
    <Filter Include="Source Files\Actor">
      <UniqueIdentifier>{38426098-d134-44fe-a4d4-6562c749ec50}</UniqueIdentifier>
    </Filter>
    <Filter Include="Source Files\Actor\Enemy">
      <UniqueIdentifier>{04646ff7-4a05-4245-a4bc-e52aeab148c2}</UniqueIdentifier>
    </Filter>
    <Filter Include="Source Files\Actor\Weapon">
      <UniqueIdentifier>{3e6e7f83-ea31-4ce1-94c9-c29e3e5df79c}</UniqueIdentifier>
    </Filter>
    <Filter Include="Source Files\Menu system">
      <UniqueIdentifier>{9e72857e-2842-4eda-9be6-a0d824b83f85}</UniqueIdentifier>
    </Filter>
    <Filter Include="Source Files\Sound system">
      <UniqueIdentifier>{50bb52be-4dae-4b26-aa60-c7f2b463272f}</UniqueIdentifier>
    </Filter>
    <Filter Include="Source Files\Game manager">
      <UniqueIdentifier>{44c1a1c9-fa90-4cc4-acf6-9cc041e4a98a}</UniqueIdentifier>
    </Filter>
    <Filter Include="Header Files\Game manager headers">
      <UniqueIdentifier>{dc95138d-b352-4495-be23-d042c71f3929}</UniqueIdentifier>
    </Filter>
    <Filter Include="Header Files\Structures">
      <UniqueIdentifier>{e323c3d1-65e3-4f30-a219-6ea4a51e7536}</UniqueIdentifier>
    </Filter>
    <Filter Include="Actor Resource Manifests">
      <UniqueIdentifier>{41773591-67bd-41ad-a8ca-e00a6f8b6d89}</UniqueIdentifier>
    </Filter>
    <Filter Include="Actor Resource Manifests\Object">
      <UniqueIdentifier>{21c235c2-8c4c-4dae-8927-ad3b70e03c7f}</UniqueIdentifier>
    </Filter>
    <Filter Include="Actor Resource Manifests\Interactive">
      <UniqueIdentifier>{7472114f-4fe7-4526-b387-8fece97a2217}</UniqueIdentifier>
    </Filter>
    <Filter Include="Actor Resource Manifests\UI">
      <UniqueIdentifier>{55b0d629-cdf2-4929-98b4-fed156a5f7c7}</UniqueIdentifier>
    </Filter>
    <Filter Include="Actor Resource Manifests\Enemy">
      <UniqueIdentifier>{2dbf4256-277c-4de7-8a03-5917d9356498}</UniqueIdentifier>
    </Filter>
    <Filter Include="Actor Resource Manifests\Weapon">
      <UniqueIdentifier>{5711fe4a-d395-4bf5-9de8-8c33fa00bef2}</UniqueIdentifier>
    </Filter>
    <Filter Include="Actor Resource Manifests\Common">
      <UniqueIdentifier>{1d773010-2441-454c-aeb3-83ddd3dbe369}</UniqueIdentifier>
    </Filter>
    <Filter Include="Shaders">
      <UniqueIdentifier>{eef99337-8b0a-4017-8d30-034b35bf1147}</UniqueIdentifier>
    </Filter>
    <Filter Include="Scripts">
      <UniqueIdentifier>{387c5db3-ab3f-4811-b614-45ca0d96acb4}</UniqueIdentifier>
    </Filter>
    <Filter Include="Header Files\Actor headers\Collectible headers">
      <UniqueIdentifier>{35ab41b9-56b1-4f0a-b585-2b50967d6765}</UniqueIdentifier>
    </Filter>
    <Filter Include="Source Files\Actor\Collectible">
      <UniqueIdentifier>{5aa2dce2-dc59-41c3-b4ca-7346af0cfb0b}</UniqueIdentifier>
    </Filter>
    <Filter Include="Configuration">
      <UniqueIdentifier>{00f39c9a-8a19-408c-8794-29130b17c3d5}</UniqueIdentifier>
    </Filter>
    <Filter Include="Configuration\Data/Assets">
      <UniqueIdentifier>{542d696a-c6ee-4e82-b646-aaf4af6503e7}</UniqueIdentifier>
    </Filter>
    <Filter Include="Header Files\Actor headers\Light source headers">
      <UniqueIdentifier>{ee7e0571-1230-43ce-a431-ab41a553544a}</UniqueIdentifier>
    </Filter>
    <Filter Include="Source Files\Actor\Lighting">
      <UniqueIdentifier>{da658c61-728e-4bcb-9927-328f5a578d21}</UniqueIdentifier>
    </Filter>
  </ItemGroup>
  <ItemGroup>
    <ClCompile Include="GeneratedFiles\Debug\moc_Player.cpp">
      <Filter>Generated Files\Debug</Filter>
    </ClCompile>
    <ClCompile Include="GeneratedFiles\Release\moc_Player.cpp">
      <Filter>Generated Files\Release</Filter>
    </ClCompile>
    <ClCompile Include="GeneratedFiles\Debug\moc_CarrotQt5.cpp">
      <Filter>Generated Files\Debug</Filter>
    </ClCompile>
    <ClCompile Include="GeneratedFiles\Release\moc_CarrotQt5.cpp">
      <Filter>Generated Files\Release</Filter>
    </ClCompile>
    <ClCompile Include="src\CarrotQt5.cpp">
      <Filter>Source Files</Filter>
    </ClCompile>
    <ClCompile Include="src\JJ2Format.cpp">
      <Filter>Source Files</Filter>
    </ClCompile>
    <ClCompile Include="src\actor\enemy\Enemy.cpp">
      <Filter>Source Files\Actor\Enemy</Filter>
    </ClCompile>
    <ClCompile Include="src\actor\enemy\Lizard.cpp">
      <Filter>Source Files\Actor\Enemy</Filter>
    </ClCompile>
    <ClCompile Include="src\actor\enemy\NormalTurtle.cpp">
      <Filter>Source Files\Actor\Enemy</Filter>
    </ClCompile>
    <ClCompile Include="src\actor\weapon\Ammo.cpp">
      <Filter>Source Files\Actor\Weapon</Filter>
    </ClCompile>
    <ClCompile Include="src\actor\weapon\AmmoBlaster.cpp">
      <Filter>Source Files\Actor\Weapon</Filter>
    </ClCompile>
    <ClCompile Include="src\actor\weapon\AmmoBouncer.cpp">
      <Filter>Source Files\Actor\Weapon</Filter>
    </ClCompile>
    <ClCompile Include="src\actor\weapon\AmmoToaster.cpp">
      <Filter>Source Files\Actor\Weapon</Filter>
    </ClCompile>
    <ClCompile Include="src\actor\Bridge.cpp">
      <Filter>Source Files\Actor</Filter>
    </ClCompile>
    <ClCompile Include="src\actor\Player.cpp">
      <Filter>Source Files\Actor</Filter>
    </ClCompile>
    <ClCompile Include="src\actor\PushBox.cpp">
      <Filter>Source Files\Actor</Filter>
    </ClCompile>
    <ClCompile Include="src\actor\SavePoint.cpp">
      <Filter>Source Files\Actor</Filter>
    </ClCompile>
    <ClCompile Include="src\actor\SolidObject.cpp">
      <Filter>Source Files\Actor</Filter>
    </ClCompile>
    <ClCompile Include="src\actor\TriggerCrate.cpp">
      <Filter>Source Files\Actor</Filter>
    </ClCompile>
    <ClCompile Include="src\gamestate\EventMap.cpp">
      <Filter>Source Files\Game manager</Filter>
    </ClCompile>
    <ClCompile Include="src\graphics\AnimatedTile.cpp">
      <Filter>Source Files\Graphics system</Filter>
    </ClCompile>
    <ClCompile Include="src\graphics\BitmapFont.cpp">
      <Filter>Source Files\Graphics system</Filter>
    </ClCompile>
    <ClCompile Include="src\graphics\CarrotCanvas.cpp">
      <Filter>Source Files\Graphics system</Filter>
    </ClCompile>
    <ClCompile Include="src\graphics\QSFMLCanvas.cpp">
      <Filter>Source Files\Graphics system</Filter>
    </ClCompile>
    <ClCompile Include="src\menu\MenuScreen.cpp">
      <Filter>Source Files\Menu system</Filter>
    </ClCompile>
    <ClCompile Include="src\gamestate\TileMap.cpp">
      <Filter>Source Files\Game manager</Filter>
    </ClCompile>
    <ClCompile Include="src\gamestate\PlayerOSD.cpp">
      <Filter>Source Files\Game manager</Filter>
    </ClCompile>
    <ClCompile Include="src\gamestate\AnimationUser.cpp">
      <Filter>Source Files\Game manager</Filter>
    </ClCompile>
    <ClCompile Include="src\gamestate\TimerUser.cpp">
      <Filter>Source Files\Game manager</Filter>
    </ClCompile>
    <ClCompile Include="src\sound\SoundSystem.cpp">
      <Filter>Source Files\Sound system</Filter>
    </ClCompile>
    <ClCompile Include="src\graphics\GraphicsCache.cpp">
      <Filter>Source Files\Graphics system</Filter>
    </ClCompile>
    <ClCompile Include="src\gamestate\ResourceManager.cpp">
      <Filter>Source Files\Game manager</Filter>
    </ClCompile>
    <ClCompile Include="src\actor\CommonActor.cpp">
      <Filter>Source Files\Actor</Filter>
    </ClCompile>
    <ClCompile Include="src\graphics\ShaderSource.cpp">
      <Filter>Source Files\Graphics system</Filter>
    </ClCompile>
    <ClCompile Include="src\actor\Spring.cpp">
      <Filter>Source Files\Actor</Filter>
    </ClCompile>
    <ClCompile Include="src\gamestate\ControlManager.cpp">
      <Filter>Source Files\Game manager</Filter>
    </ClCompile>
    <ClCompile Include="src\graphics\Tileset.cpp">
      <Filter>Source Files\Graphics system</Filter>
    </ClCompile>
    <ClCompile Include="src\actor\MovingPlatform.cpp">
      <Filter>Source Files\Actor</Filter>
    </ClCompile>
    <ClCompile Include="GeneratedFiles\qrc_CarrotQt5.cpp">
      <Filter>Generated Files</Filter>
    </ClCompile>
    <ClCompile Include="src\gamestate\GameView.cpp">
      <Filter>Source Files\Game manager</Filter>
    </ClCompile>
    <ClCompile Include="src\actor\collectible\Collectible.cpp">
      <Filter>Source Files\Actor\Collectible</Filter>
    </ClCompile>
    <ClCompile Include="src\actor\collectible\AmmoCollectible.cpp">
      <Filter>Source Files\Actor\Collectible</Filter>
    </ClCompile>
    <ClCompile Include="src\actor\collectible\GemCollectible.cpp">
      <Filter>Source Files\Actor\Collectible</Filter>
    </ClCompile>
    <ClCompile Include="src\actor\collectible\CoinCollectible.cpp">
      <Filter>Source Files\Actor\Collectible</Filter>
    </ClCompile>
    <ClCompile Include="src\actor\collectible\FastFireCollectible.cpp">
      <Filter>Source Files\Actor\Collectible</Filter>
    </ClCompile>
    <ClCompile Include="src\actor\collectible\FoodCollectible.cpp">
      <Filter>Source Files\Actor\Collectible</Filter>
    </ClCompile>
    <ClCompile Include="src\actor\enemy\TurtleShell.cpp">
      <Filter>Source Files\Actor\Enemy</Filter>
    </ClCompile>
    <ClCompile Include="src\actor\collectible\CarrotCollectible.cpp">
      <Filter>Source Files\Actor\Collectible</Filter>
    </ClCompile>
    <ClCompile Include="src\actor\BonusWarp.cpp">
      <Filter>Source Files\Actor</Filter>
    </ClCompile>
    <ClCompile Include="src\actor\weapon\AmmoFreezer.cpp">
      <Filter>Source Files\Actor\Weapon</Filter>
    </ClCompile>
    <ClCompile Include="src\actor\FrozenBlock.cpp">
      <Filter>Source Files\Actor</Filter>
    </ClCompile>
    <ClCompile Include="src\actor\InteractiveActor.cpp">
      <Filter>Source Files\Actor</Filter>
    </ClCompile>
    <ClCompile Include="src\gamestate\LevelManager.cpp">
      <Filter>Source Files\Game manager</Filter>
    </ClCompile>
    <ClCompile Include="GeneratedFiles\Debug\moc_LevelManager.cpp">
      <Filter>Generated Files\Debug</Filter>
    </ClCompile>
    <ClCompile Include="GeneratedFiles\Release\moc_LevelManager.cpp">
      <Filter>Generated Files\Release</Filter>
    </ClCompile>
    <ClCompile Include="src\gamestate\ActorAPI.cpp">
      <Filter>Source Files\Game manager</Filter>
    </ClCompile>
    <ClCompile Include="src\actor\enemy\SuckerFloat.cpp">
      <Filter>Source Files\Actor\Enemy</Filter>
    </ClCompile>
    <ClCompile Include="src\actor\enemy\Sucker.cpp">
      <Filter>Source Files\Actor\Enemy</Filter>
    </ClCompile>
    <ClCompile Include="src\actor\PowerUpMonitor.cpp">
      <Filter>Source Files\Actor</Filter>
    </ClCompile>
    <ClCompile Include="src\actor\enemy\LabRat.cpp">
      <Filter>Source Files\Actor\Enemy</Filter>
    </ClCompile>
    <ClCompile Include="src\actor\LightSource.cpp">
      <Filter>Source Files\Actor</Filter>
    </ClCompile>
    <ClCompile Include="src\actor\lighting\RadialLightSource.cpp">
      <Filter>Source Files\Actor\Lighting</Filter>
    </ClCompile>
    <ClCompile Include="src\actor\lighting\StaticLight.cpp">
      <Filter>Source Files\Actor\Lighting</Filter>
    </ClCompile>
    <ClCompile Include="src\actor\lighting\PulsatingLight.cpp">
      <Filter>Source Files\Actor\Lighting</Filter>
    </ClCompile>
    <ClCompile Include="src\graphics\BitmapString.cpp">
      <Filter>Source Files\Graphics system</Filter>
    </ClCompile>
    <ClCompile Include="src\gamestate\EventSpawner.cpp">
      <Filter>Source Files\Game manager</Filter>
    </ClCompile>
    <ClCompile Include="src\EngineState.cpp">
      <Filter>Source Files</Filter>
    </ClCompile>
    <ClCompile Include="src\menu\PauseScreen.cpp">
      <Filter>Source Files\Menu system</Filter>
    </ClCompile>
    <ClCompile Include="src\menu\MainMenuRoot.cpp">
      <Filter>Source Files\Menu system</Filter>
    </ClCompile>
    <ClCompile Include="src\menu\MainMenuMenu.cpp">
      <Filter>Source Files\Menu system</Filter>
    </ClCompile>
    <ClCompile Include="src\menu\EpisodeSelectMenu.cpp">
      <Filter>Source Files\Menu system</Filter>
    </ClCompile>
    <ClCompile Include="src\menu\LevelSelectMenu.cpp">
      <Filter>Source Files\Menu system</Filter>
    </ClCompile>
    <ClCompile Include="src\menu\VerticalItemListMenu.cpp">
      <Filter>Source Files\Menu system</Filter>
    </ClCompile>
  </ItemGroup>
  <ItemGroup>
    <CustomBuild Include="src\actor\Player.h">
      <Filter>Header Files\Actor headers</Filter>
    </CustomBuild>
    <CustomBuild Include="src\CarrotQt5.h">
      <Filter>Header Files</Filter>
    </CustomBuild>
    <CustomBuild Include="src\ui\AboutCarrotDialog.ui">
      <Filter>Form Files</Filter>
    </CustomBuild>
    <CustomBuild Include="src\ui\CarrotQt5.ui">
      <Filter>Form Files</Filter>
    </CustomBuild>
    <CustomBuild Include="CarrotQt5.qrc">
      <Filter>Resource Files</Filter>
    </CustomBuild>
    <CustomBuild Include="src\actor\collectible\Collectible.h">
      <Filter>Header Files\Actor headers\Collectible headers</Filter>
    </CustomBuild>
    <CustomBuild Include="src\gamestate\LevelManager.h">
      <Filter>Header Files\Game manager headers</Filter>
    </CustomBuild>
  </ItemGroup>
  <ItemGroup>
    <ClInclude Include="GeneratedFiles\ui_AboutCarrotDialog.h">
      <Filter>Generated Files</Filter>
    </ClInclude>
    <ClInclude Include="src\actor\enemy\Enemy.h">
      <Filter>Header Files\Actor headers\Enemy headers</Filter>
    </ClInclude>
    <ClInclude Include="src\actor\enemy\Lizard.h">
      <Filter>Header Files\Actor headers\Enemy headers</Filter>
    </ClInclude>
    <ClInclude Include="src\actor\enemy\NormalTurtle.h">
      <Filter>Header Files\Actor headers\Enemy headers</Filter>
    </ClInclude>
    <ClInclude Include="src\actor\weapon\Ammo.h">
      <Filter>Header Files\Actor headers\Weapon headers</Filter>
    </ClInclude>
    <ClInclude Include="src\actor\weapon\AmmoBlaster.h">
      <Filter>Header Files\Actor headers\Weapon headers</Filter>
    </ClInclude>
    <ClInclude Include="src\actor\weapon\AmmoBouncer.h">
      <Filter>Header Files\Actor headers\Weapon headers</Filter>
    </ClInclude>
    <ClInclude Include="src\actor\weapon\AmmoToaster.h">
      <Filter>Header Files\Actor headers\Weapon headers</Filter>
    </ClInclude>
    <ClInclude Include="src\actor\Bridge.h">
      <Filter>Header Files\Actor headers</Filter>
    </ClInclude>
    <ClInclude Include="src\actor\PushBox.h">
      <Filter>Header Files\Actor headers</Filter>
    </ClInclude>
    <ClInclude Include="src\actor\SavePoint.h">
      <Filter>Header Files\Actor headers</Filter>
    </ClInclude>
    <ClInclude Include="src\actor\SolidObject.h">
      <Filter>Header Files\Actor headers</Filter>
    </ClInclude>
    <ClInclude Include="src\actor\TriggerCrate.h">
      <Filter>Header Files\Actor headers</Filter>
    </ClInclude>
    <ClInclude Include="src\graphics\AnimatedTile.h">
      <Filter>Header Files\Graphics system headers</Filter>
    </ClInclude>
    <ClInclude Include="src\graphics\BitmapFont.h">
      <Filter>Header Files\Graphics system headers</Filter>
    </ClInclude>
    <ClInclude Include="src\graphics\CarrotCanvas.h">
      <Filter>Header Files\Graphics system headers</Filter>
    </ClInclude>
    <ClInclude Include="src\graphics\QSFMLCanvas.h">
      <Filter>Header Files\Graphics system headers</Filter>
    </ClInclude>
    <ClInclude Include="src\menu\MenuScreen.h">
      <Filter>Header Files\Menu system headers</Filter>
    </ClInclude>
    <ClInclude Include="src\gamestate\EventMap.h">
      <Filter>Header Files\Game manager headers</Filter>
    </ClInclude>
    <ClInclude Include="src\JJ2Format.h">
      <Filter>Header Files</Filter>
    </ClInclude>
    <ClInclude Include="src\Resources.h">
      <Filter>Header Files</Filter>
    </ClInclude>
    <ClInclude Include="src\Version.h">
      <Filter>Header Files</Filter>
    </ClInclude>
    <ClInclude Include="src\gamestate\TileMap.h">
      <Filter>Header Files\Game manager headers</Filter>
    </ClInclude>
    <ClInclude Include="src\gamestate\PlayerOSD.h">
      <Filter>Header Files\Game manager headers</Filter>
    </ClInclude>
    <ClInclude Include="src\gamestate\AnimationUser.h">
      <Filter>Header Files\Game manager headers</Filter>
    </ClInclude>
    <ClInclude Include="src\gamestate\TimerUser.h">
      <Filter>Header Files\Game manager headers</Filter>
    </ClInclude>
    <ClInclude Include="src\sound\SoundSystem.h">
      <Filter>Header Files\Sound system headers</Filter>
    </ClInclude>
    <ClInclude Include="src\struct\WeaponTypes.h">
      <Filter>Header Files\Structures</Filter>
    </ClInclude>
    <ClInclude Include="src\struct\PCEvent.h">
      <Filter>Header Files\Structures</Filter>
    </ClInclude>
    <ClInclude Include="src\struct\CoordinatePair.h">
      <Filter>Header Files\Structures</Filter>
    </ClInclude>
    <ClInclude Include="src\struct\Hitbox.h">
      <Filter>Header Files\Structures</Filter>
    </ClInclude>
    <ClInclude Include="src\graphics\GraphicsCache.h">
      <Filter>Header Files\Graphics system headers</Filter>
    </ClInclude>
    <ClInclude Include="src\gamestate\ResourceManager.h">
      <Filter>Header Files\Game manager headers</Filter>
    </ClInclude>
    <ClInclude Include="src\actor\CommonActor.h">
      <Filter>Header Files\Actor headers</Filter>
    </ClInclude>
    <ClInclude Include="src\struct\AnimState.h">
      <Filter>Header Files\Structures</Filter>
    </ClInclude>
    <ClInclude Include="src\struct\Resources.h">
      <Filter>Header Files\Structures</Filter>
    </ClInclude>
    <ClInclude Include="src\graphics\ShaderSource.h">
      <Filter>Header Files\Graphics system headers</Filter>
    </ClInclude>
    <ClInclude Include="src\actor\Spring.h">
      <Filter>Header Files\Actor headers</Filter>
    </ClInclude>
    <ClInclude Include="src\gamestate\ControlManager.h">
      <Filter>Header Files\Game manager headers</Filter>
    </ClInclude>
    <ClInclude Include="src\struct\Controls.h">
      <Filter>Header Files\Structures</Filter>
    </ClInclude>
    <ClInclude Include="src\graphics\Tileset.h">
      <Filter>Header Files\Graphics system headers</Filter>
    </ClInclude>
    <ClInclude Include="src\struct\Layers.h">
      <Filter>Header Files\Structures</Filter>
    </ClInclude>
    <ClInclude Include="src\actor\MovingPlatform.h">
      <Filter>Header Files\Actor headers</Filter>
    </ClInclude>
    <ClInclude Include="src\struct\Constants.h">
      <Filter>Header Files\Structures</Filter>
    </ClInclude>
    <ClInclude Include="GeneratedFiles\ui_CarrotQt5.h">
      <Filter>Generated Files</Filter>
    </ClInclude>
    <ClInclude Include="src\gamestate\GameView.h">
      <Filter>Header Files\Game manager headers</Filter>
    </ClInclude>
    <ClInclude Include="src\actor\collectible\AmmoCollectible.h">
      <Filter>Header Files\Actor headers\Collectible headers</Filter>
    </ClInclude>
    <ClInclude Include="src\actor\collectible\GemCollectible.h">
      <Filter>Header Files\Actor headers\Collectible headers</Filter>
    </ClInclude>
    <ClInclude Include="src\actor\collectible\CoinCollectible.h">
      <Filter>Header Files\Actor headers\Collectible headers</Filter>
    </ClInclude>
    <ClInclude Include="src\actor\collectible\FastFireCollectible.h">
      <Filter>Header Files\Actor headers\Collectible headers</Filter>
    </ClInclude>
    <ClInclude Include="src\actor\collectible\FoodCollectible.h">
      <Filter>Header Files\Actor headers\Collectible headers</Filter>
    </ClInclude>
    <ClInclude Include="src\actor\enemy\TurtleShell.h">
      <Filter>Header Files\Actor headers\Enemy headers</Filter>
    </ClInclude>
    <ClInclude Include="src\actor\collectible\CarrotCollectible.h">
      <Filter>Header Files\Actor headers\Collectible headers</Filter>
    </ClInclude>
    <ClInclude Include="src\actor\BonusWarp.h">
      <Filter>Header Files\Actor headers</Filter>
    </ClInclude>
    <ClInclude Include="src\actor\weapon\AmmoFreezer.h">
      <Filter>Header Files\Actor headers\Weapon headers</Filter>
    </ClInclude>
    <ClInclude Include="src\actor\FrozenBlock.h">
      <Filter>Header Files\Actor headers</Filter>
    </ClInclude>
    <ClInclude Include="src\actor\InteractiveActor.h">
      <Filter>Header Files\Actor headers</Filter>
    </ClInclude>
    <ClInclude Include="src\struct\NextLevelData.h">
      <Filter>Header Files\Structures</Filter>
    </ClInclude>
    <ClInclude Include="src\struct\DebugConfig.h">
      <Filter>Header Files\Structures</Filter>
    </ClInclude>
    <ClInclude Include="src\gamestate\ActorAPI.h">
      <Filter>Header Files\Game manager headers</Filter>
    </ClInclude>
    <ClInclude Include="src\actor\enemy\SuckerFloat.h">
      <Filter>Header Files\Actor headers\Enemy headers</Filter>
    </ClInclude>
    <ClInclude Include="src\actor\enemy\Sucker.h">
      <Filter>Header Files\Actor headers\Enemy headers</Filter>
    </ClInclude>
    <ClInclude Include="src\actor\PowerUpMonitor.h">
      <Filter>Header Files\Actor headers</Filter>
    </ClInclude>
    <ClInclude Include="src\actor\enemy\LabRat.h">
      <Filter>Header Files\Actor headers\Enemy headers</Filter>
    </ClInclude>
    <ClInclude Include="src\actor\lighting\RadialLightSource.h">
      <Filter>Header Files\Actor headers\Light source headers</Filter>
    </ClInclude>
    <ClInclude Include="src\actor\LightSource.h">
      <Filter>Header Files\Actor headers</Filter>
    </ClInclude>
    <ClInclude Include="src\actor\lighting\StaticLight.h">
      <Filter>Header Files\Actor headers\Light source headers</Filter>
    </ClInclude>
    <ClInclude Include="src\actor\lighting\PulsatingLight.h">
      <Filter>Header Files\Actor headers\Light source headers</Filter>
    </ClInclude>
    <ClInclude Include="src\graphics\BitmapString.h">
      <Filter>Header Files\Graphics system headers</Filter>
    </ClInclude>
    <ClInclude Include="src\gamestate\EventSpawner.h">
      <Filter>Header Files\Game manager headers</Filter>
    </ClInclude>
    <ClInclude Include="src\EngineState.h">
      <Filter>Header Files</Filter>
    </ClInclude>
    <ClInclude Include="src\menu\PauseScreen.h">
      <Filter>Header Files\Menu system headers</Filter>
    </ClInclude>
    <ClInclude Include="src\menu\MainMenuRoot.h">
      <Filter>Header Files\Menu system headers</Filter>
    </ClInclude>
    <ClInclude Include="src\menu\MainMenuMenu.h">
      <Filter>Header Files\Menu system headers</Filter>
    </ClInclude>
    <ClInclude Include="src\menu\EpisodeSelectMenu.h">
      <Filter>Header Files\Menu system headers</Filter>
    </ClInclude>
    <ClInclude Include="src\menu\LevelSelectMenu.h">
      <Filter>Header Files\Menu system headers</Filter>
    </ClInclude>
    <ClInclude Include="src\menu\VerticalItemListMenu.h">
      <Filter>Header Files\Menu system headers</Filter>
    </ClInclude>
  </ItemGroup>
  <ItemGroup>
    <Image Include="CarrotQt5.ico">
      <Filter>Resource Files</Filter>
    </Image>
    <Image Include="Data\PCIconLowRes.png">
      <Filter>Resource Files</Filter>
    </Image>
  </ItemGroup>
  <ItemGroup>
    <ResourceCompile Include="CarrotQt5.rc">
      <Filter>Resource Files</Filter>
    </ResourceCompile>
  </ItemGroup>
  <ItemGroup>
    <None Include="README.md">
      <Filter>Documents</Filter>
    </None>
    <None Include="Data\Assets\.gitignore">
      <Filter>Configuration\Data/Assets</Filter>
    </None>
    <None Include="Data\Manifests\Object\PushBox.json">
      <Filter>Actor Resource Manifests\Object</Filter>
    </None>
    <None Include="Data\Manifests\Interactive\PlayerJazz.json">
      <Filter>Actor Resource Manifests\Interactive</Filter>
    </None>
    <None Include="Data\Manifests\UI\PlayerOSD.json">
      <Filter>Actor Resource Manifests\UI</Filter>
    </None>
    <None Include="Data\Manifests\Enemy\Lizard.json">
      <Filter>Actor Resource Manifests\Enemy</Filter>
    </None>
    <None Include="Data\Manifests\Enemy\Turtle.json">
      <Filter>Actor Resource Manifests\Enemy</Filter>
    </None>
    <None Include="Data\Manifests\Weapon\Blaster.json">
      <Filter>Actor Resource Manifests\Weapon</Filter>
    </None>
    <None Include="Data\Manifests\Weapon\Bouncer.json">
      <Filter>Actor Resource Manifests\Weapon</Filter>
    </None>
    <None Include="Data\Manifests\Weapon\Toaster.json">
      <Filter>Actor Resource Manifests\Weapon</Filter>
    </None>
    <None Include="Data\Manifests\Object\BridgePiece.json">
      <Filter>Actor Resource Manifests\Object</Filter>
    </None>
    <None Include="Data\Manifests\Object\Collectible.json">
      <Filter>Actor Resource Manifests\Object</Filter>
    </None>
    <None Include="Data\Manifests\Object\SavePoint.json">
      <Filter>Actor Resource Manifests\Object</Filter>
    </None>
    <None Include="Data\Manifests\Object\TriggerCrate.json">
      <Filter>Actor Resource Manifests\Object</Filter>
    </None>
    <None Include="Data\Manifests\Common\Scenery.json">
      <Filter>Actor Resource Manifests\Common</Filter>
    </None>
    <None Include="Shaders\ColorizeShader.glsl">
      <Filter>Shaders</Filter>
    </None>
    <None Include="Data\Manifests\Object\Spring.json">
      <Filter>Actor Resource Manifests\Object</Filter>
    </None>
    <None Include="Data\Manifests\Object\MovingPlatform.json">
      <Filter>Actor Resource Manifests\Object</Filter>
    </None>
    <None Include="Scripts\Convert-Levels.ps1">
      <Filter>Scripts</Filter>
    </None>
    <None Include="Scripts\Convert-Tilesets.ps1">
      <Filter>Scripts</Filter>
    </None>
    <None Include="Shaders\LightingShader.glsl">
      <Filter>Shaders</Filter>
    </None>
    <None Include="Data\Manifests\Enemy\TurtleShell.json">
      <Filter>Actor Resource Manifests\Enemy</Filter>
    </None>
    <None Include="Data\Manifests\Object\BonusWarp.json">
      <Filter>Actor Resource Manifests\Object</Filter>
    </None>
    <None Include="appveyor.yml">
      <Filter>Configuration</Filter>
    </None>
    <None Include=".travis.yml">
      <Filter>Configuration</Filter>
    </None>
    <None Include=".gitignore">
      <Filter>Configuration</Filter>
    </None>
    <None Include="CarrotQt5.pri">
      <Filter>Configuration</Filter>
    </None>
    <None Include="CarrotQt5.pro">
      <Filter>Configuration</Filter>
    </None>
    <None Include="Data\Manifests\Weapon\Freezer.json">
      <Filter>Actor Resource Manifests\Weapon</Filter>
    </None>
    <None Include="Data\Manifests\Object\FrozenBlock.json">
      <Filter>Actor Resource Manifests\Object</Filter>
    </None>
    <None Include="Data\Manifests\Enemy\SuckerFloat.json">
      <Filter>Actor Resource Manifests\Enemy</Filter>
    </None>
    <None Include="Data\Manifests\Enemy\Sucker.json">
      <Filter>Actor Resource Manifests\Enemy</Filter>
    </None>
    <None Include="Data\Manifests\Object\PowerUpMonitor.json">
      <Filter>Actor Resource Manifests\Object</Filter>
    </None>
    <None Include="Data\Manifests\Enemy\LabRat.json">
      <Filter>Actor Resource Manifests\Enemy</Filter>
    </None>
    <None Include="Data\Manifests\Interactive\Player.json">
      <Filter>Actor Resource Manifests\Interactive</Filter>
    </None>
    <None Include="Data\Manifests\Object\NoResources.json">
      <Filter>Actor Resource Manifests\Object</Filter>
    </None>
    <None Include="Shaders\TexturedBackgroundShader.glsl">
      <Filter>Shaders</Filter>
    </None>
  </ItemGroup>
  <ItemGroup>
    <Text Include="LICENSE">
      <Filter>Documents</Filter>
    </Text>
  </ItemGroup>
</Project>