<?xml version="1.0" encoding="utf-8"?>
<Project ToolsVersion="4.0" xmlns="http://schemas.microsoft.com/developer/msbuild/2003">
  <ItemGroup>
    <Filter Include="Source Files">
      <UniqueIdentifier>{4FC737F1-C7A5-4376-A066-2A32D752A2FF}</UniqueIdentifier>
      <Extensions>cpp;cxx;c;def</Extensions>
    </Filter>
    <Filter Include="Header Files">
      <UniqueIdentifier>{93995380-89BD-4b04-88EB-625FBE52EBFB}</UniqueIdentifier>
      <Extensions>h</Extensions>
    </Filter>
    <Filter Include="Form Files">
      <UniqueIdentifier>{99349809-55BA-4b9d-BF79-8FDBB0286EB3}</UniqueIdentifier>
      <Extensions>ui</Extensions>
    </Filter>
    <Filter Include="Resource Files">
      <UniqueIdentifier>{D9D6E242-F8AF-46E4-B9FD-80ECBC20BA3E}</UniqueIdentifier>
      <Extensions>qrc;*</Extensions>
      <ParseFiles>false</ParseFiles>
    </Filter>
    <Filter Include="Generated Files">
      <UniqueIdentifier>{71ED8ED8-ACB9-4CE9-BBE1-E00B30144E11}</UniqueIdentifier>
      <Extensions>moc;h;cpp</Extensions>
      <SourceControlFiles>False</SourceControlFiles>
    </Filter>
    <Filter Include="Generated Files\Debug">
      <UniqueIdentifier>{0bc1872f-9f48-4bcf-9f9f-2b7c50b164bc}</UniqueIdentifier>
      <Extensions>cpp;moc</Extensions>
      <SourceControlFiles>False</SourceControlFiles>
    </Filter>
    <Filter Include="Generated Files\Release">
      <UniqueIdentifier>{2838416b-567a-44c2-b218-7bed34e736df}</UniqueIdentifier>
      <Extensions>cpp;moc</Extensions>
      <SourceControlFiles>False</SourceControlFiles>
    </Filter>
    <Filter Include="Header Files\Enemy Class Headers">
      <UniqueIdentifier>{9b339ff6-f7e0-4985-b8df-97fa71f62673}</UniqueIdentifier>
    </Filter>
    <Filter Include="Source Files\Enemy Classes">
      <UniqueIdentifier>{e88b3062-9677-4b8c-959a-e3e1c13cf4cb}</UniqueIdentifier>
    </Filter>
    <Filter Include="Header Files\Ammo Headers">
      <UniqueIdentifier>{d9e904ff-cbdd-417c-aa3a-d71892e606a0}</UniqueIdentifier>
    </Filter>
    <Filter Include="Source Files\Ammo Classes">
      <UniqueIdentifier>{c7ec9bdd-266f-4860-bb78-e69801f1750d}</UniqueIdentifier>
    </Filter>
  </ItemGroup>
  <ItemGroup>
    <ClCompile Include="main.cpp">
      <Filter>Source Files</Filter>
    </ClCompile>
    <ClCompile Include="GeneratedFiles\qrc_carrotqt5.cpp">
      <Filter>Generated Files</Filter>
    </ClCompile>
    <ClCompile Include="QSFMLCanvas.cpp">
      <Filter>Source Files</Filter>
    </ClCompile>
    <ClCompile Include="CarrotCanvas.cpp">
      <Filter>Source Files</Filter>
    </ClCompile>
    <ClCompile Include="BitmapFont.cpp">
      <Filter>Source Files</Filter>
    </ClCompile>
    <ClCompile Include="CommonActor.cpp">
      <Filter>Source Files</Filter>
    </ClCompile>
    <ClCompile Include="Player.cpp">
      <Filter>Source Files</Filter>
    </ClCompile>
    <ClCompile Include="GeneratedFiles\Debug\moc_Player.cpp">
      <Filter>Generated Files\Debug</Filter>
    </ClCompile>
    <ClCompile Include="GeneratedFiles\Release\moc_Player.cpp">
      <Filter>Generated Files\Release</Filter>
    </ClCompile>
    <ClCompile Include="GeneratedFiles\Debug\moc_CommonActor.cpp">
      <Filter>Generated Files\Debug</Filter>
    </ClCompile>
    <ClCompile Include="GeneratedFiles\Release\moc_CommonActor.cpp">
      <Filter>Generated Files\Release</Filter>
    </ClCompile>
    <ClCompile Include="GeneratedFiles\Debug\moc_CarrotQt5.cpp">
      <Filter>Generated Files\Debug</Filter>
    </ClCompile>
    <ClCompile Include="GeneratedFiles\Release\moc_CarrotQt5.cpp">
      <Filter>Generated Files\Release</Filter>
    </ClCompile>
    <ClCompile Include="CarrotQt5.cpp">
      <Filter>Source Files</Filter>
    </ClCompile>
    <ClCompile Include="Enemy.cpp">
      <Filter>Source Files</Filter>
    </ClCompile>
    <ClCompile Include="EnemyClasses\NormalTurtle.cpp">
      <Filter>Source Files\Enemy Classes</Filter>
    </ClCompile>
    <ClCompile Include="Ammo.cpp">
      <Filter>Source Files</Filter>
    </ClCompile>
    <ClCompile Include="AmmoClasses\AmmoBlaster.cpp">
      <Filter>Source Files\Ammo Classes</Filter>
    </ClCompile>
    <ClCompile Include="GeneratedFiles\Debug\moc_Collectible.cpp">
      <Filter>Generated Files\Debug</Filter>
    </ClCompile>
    <ClCompile Include="GeneratedFiles\Release\moc_Collectible.cpp">
      <Filter>Generated Files\Release</Filter>
    </ClCompile>
    <ClCompile Include="Collectible.cpp">
      <Filter>Source Files</Filter>
    </ClCompile>
    <ClCompile Include="AmmoClasses\AmmoBouncer.cpp">
      <Filter>Source Files\Ammo Classes</Filter>
    </ClCompile>
    <ClCompile Include="JJ2Format.cpp">
      <Filter>Source Files</Filter>
    </ClCompile>
    <ClCompile Include="SoundFX.cpp">
      <Filter>Source Files</Filter>
    </ClCompile>
    <ClCompile Include="AnimatedTile.cpp">
      <Filter>Source Files</Filter>
    </ClCompile>
    <ClCompile Include="SavePoint.cpp">
      <Filter>Source Files</Filter>
    </ClCompile>
    <ClCompile Include="GeneratedFiles\Debug\moc_SavePoint.cpp">
      <Filter>Generated Files\Debug</Filter>
    </ClCompile>
    <ClCompile Include="GeneratedFiles\Release\moc_SavePoint.cpp">
      <Filter>Generated Files\Release</Filter>
    </ClCompile>
    <ClCompile Include="AmmoClasses\AmmoToaster.cpp">
      <Filter>Source Files\Ammo Classes</Filter>
    </ClCompile>
    <ClCompile Include="EnemyClasses\Lizard.cpp">
      <Filter>Source Files\Enemy Classes</Filter>
    </ClCompile>
    <ClCompile Include="SolidObject.cpp">
      <Filter>Source Files</Filter>
    </ClCompile>
    <ClCompile Include="PushBox.cpp">
      <Filter>Source Files</Filter>
    </ClCompile>
    <ClCompile Include="TriggerCrate.cpp">
      <Filter>Source Files</Filter>
    </ClCompile>
    <ClCompile Include="Bridge.cpp">
      <Filter>Source Files</Filter>
    </ClCompile>
    <ClCompile Include="TileMap.cpp">
      <Filter>Source Files</Filter>
    </ClCompile>
    <ClCompile Include="EventMap.cpp">
      <Filter>Source Files</Filter>
    </ClCompile>
    <ClCompile Include="MenuScreen.cpp">
      <Filter>Source Files</Filter>
    </ClCompile>
  </ItemGroup>
  <ItemGroup>
    <CustomBuild Include="carrotqt5.ui">
      <Filter>Form Files</Filter>
    </CustomBuild>
    <CustomBuild Include="carrotqt5.qrc">
      <Filter>Resource Files</Filter>
    </CustomBuild>
    <CustomBuild Include="AboutCarrotDialog.ui">
      <Filter>Form Files</Filter>
    </CustomBuild>
    <CustomBuild Include="Player.h">
      <Filter>Header Files</Filter>
    </CustomBuild>
    <CustomBuild Include="CommonActor.h">
      <Filter>Header Files</Filter>
    </CustomBuild>
    <CustomBuild Include="CarrotQt5.h">
      <Filter>Header Files</Filter>
    </CustomBuild>
    <CustomBuild Include="Ammo.h">
      <Filter>Header Files</Filter>
    </CustomBuild>
    <CustomBuild Include="AmmoClasses\AmmoBlaster.h">
      <Filter>Header Files\Ammo Headers</Filter>
    </CustomBuild>
    <CustomBuild Include="Collectible.h">
      <Filter>Header Files</Filter>
    </CustomBuild>
    <CustomBuild Include="AmmoClasses\AmmoBouncer.h">
      <Filter>Header Files\Ammo Headers</Filter>
    </CustomBuild>
    <CustomBuild Include="AnimatedTile.h">
      <Filter>Header Files</Filter>
    </CustomBuild>
    <CustomBuild Include="SavePoint.h">
      <Filter>Header Files</Filter>
    </CustomBuild>
    <CustomBuild Include="AmmoClasses\AmmoToaster.h">
      <Filter>Header Files\Ammo Headers</Filter>
    </CustomBuild>
  </ItemGroup>
  <ItemGroup>
    <ClInclude Include="GeneratedFiles\ui_carrotqt5.h">
      <Filter>Generated Files</Filter>
    </ClInclude>
    <ClInclude Include="QSFMLCanvas.h">
      <Filter>Header Files</Filter>
    </ClInclude>
    <ClInclude Include="CarrotCanvas.h">
      <Filter>Header Files</Filter>
    </ClInclude>
    <ClInclude Include="BitmapFont.h">
      <Filter>Header Files</Filter>
    </ClInclude>
    <ClInclude Include="GeneratedFiles\ui_AboutCarrotDialog.h">
      <Filter>Generated Files</Filter>
    </ClInclude>
    <ClInclude Include="WeaponTypes.h">
      <Filter>Header Files</Filter>
    </ClInclude>
    <ClInclude Include="Enemy.h">
      <Filter>Header Files</Filter>
    </ClInclude>
    <ClInclude Include="EnemyClasses\NormalTurtle.h">
      <Filter>Header Files\Enemy Class Headers</Filter>
    </ClInclude>
    <ClInclude Include="JJ2Format.h">
      <Filter>Header Files</Filter>
    </ClInclude>
    <ClInclude Include="SoundFX.h">
      <Filter>Header Files</Filter>
    </ClInclude>
    <ClInclude Include="resource1.h">
      <Filter>Header Files</Filter>
    </ClInclude>
    <ClInclude Include="EnemyClasses\Lizard.h">
      <Filter>Header Files\Enemy Class Headers</Filter>
    </ClInclude>
    <ClInclude Include="SolidObject.h">
      <Filter>Header Files</Filter>
    </ClInclude>
    <ClInclude Include="Version.h">
      <Filter>Header Files</Filter>
    </ClInclude>
    <ClInclude Include="PushBox.h">
      <Filter>Header Files</Filter>
    </ClInclude>
    <ClInclude Include="TriggerCrate.h">
      <Filter>Header Files</Filter>
    </ClInclude>
    <ClInclude Include="Bridge.h">
      <Filter>Header Files</Filter>
    </ClInclude>
    <ClInclude Include="EventMap.h">
      <Filter>Header Files</Filter>
    </ClInclude>
    <ClInclude Include="TileMap.h">
      <Filter>Header Files</Filter>
    </ClInclude>
    <ClInclude Include="MenuScreen.h">
      <Filter>Header Files</Filter>
    </ClInclude>
  </ItemGroup>
  <ItemGroup>
    <Image Include="CarrotQt5.ico">
      <Filter>Resource Files</Filter>
    </Image>
  </ItemGroup>
  <ItemGroup>
    <ResourceCompile Include="CarrotQt5.rc">
      <Filter>Resource Files</Filter>
    </ResourceCompile>
  </ItemGroup>
</Project>